github.com/CaiJimmy/hugo-theme-stack/v3 v3.16.0 h1:ZWF66g7aXA840CzsT4lv65wHSojqwY0Yj7KdvOkn5NA=
github.com/CaiJimmy/hugo-theme-stack/v3 v3.16.0/go.mod h1:IPmCXiIxlFSLFYS0tOmYP6ySLviyeNVSabyvSuaxD+I=
github.com/jpanther/congo v1.6.4 h1:Pf84RN3jXMYVbeZIyPCb5krSDIjvuwbo7sv5fCGwbAE=
github.com/jpanther/congo v1.6.4/go.mod h1:fFwW7KKbofyaZgwLJdh6h1L51UZrSyymQgk31rclcuQ=
